
Microsoft Visual Studio Solution File, Format Version 12.00
# Visual Studio Version 17
VisualStudioVersion = 17.3.32804.467
MinimumVisualStudioVersion = 10.0.40219.1
Project("{FAE04EC0-301F-11D3-BF4B-00C04F79EFBC}") = "GenericsTabularFormat", "GenericsTabularFormat.csproj", "{8A3D08B3-C07D-4C67-AEDC-E3848DEB5593}"
EndProject
Global
	GlobalSection(SolutionConfigurationPlatforms) = preSolution
		Debug|Any CPU = Debug|Any CPU
		Release|Any CPU = Release|Any CPU
	EndGlobalSection
	GlobalSection(ProjectConfigurationPlatforms) = postSolution
		{8A3D08B3-C07D-4C67-AEDC-E3848DEB5593}.Debug|Any CPU.ActiveCfg = Debug|Any CPU
		{8A3D08B3-C07D-4C67-AEDC-E3848DEB5593}.Debug|Any CPU.Build.0 = Debug|Any CPU
		{8A3D08B3-C07D-4C67-AEDC-E3848DEB5593}.Release|Any CPU.ActiveCfg = Release|Any CPU
		{8A3D08B3-C07D-4C67-AEDC-E3848DEB5593}.Release|Any CPU.Build.0 = Release|Any CPU
	EndGlobalSection
	GlobalSection(SolutionProperties) = preSolution
		HideSolutionNode = FALSE
	EndGlobalSection
	GlobalSection(ExtensibilityGlobals) = postSolution
		SolutionGuid = {3D34E3A0-8F98-4B13-B39D-39D0513BECA1}
	EndGlobalSection
EndGlobal
